{
  "version": 4,
  "terraform_version": "1.4.2",
  "serial": 370,
  "lineage": "e4eb55ba-397c-2c86-6704-9345d5b424c4",
  "outputs": {
    "dataset_id": {
      "value": {
        "presentation": "lh_f1_gold",
        "processed": "lh_f1_silver",
        "raw": "lh_f1_bronze"
      },
      "type": [
        "object",
        {
          "presentation": "string",
          "processed": "string",
          "raw": "string"
        }
      ]
    },
    "file_names_gold": {
      "value": [
        "constructor_standings.json",
        "driver_standings.json",
        "race_results.json"
      ],
      "type": [
        "tuple",
        [
          "string",
          "string",
          "string"
        ]
      ]
    },
    "file_names_silver": {
      "value": [
        "circuits.json",
        "constructors.json",
        "drivers.json",
        "race_circuits.json",
        "races.json",
        "results.json"
      ],
      "type": [
        "tuple",
        [
          "string",
          "string",
          "string",
          "string",
          "string",
          "string"
        ]
      ]
    },
    "gold_dataset": {
      "value": "gold",
      "type": "string"
    },
    "silver_dataset": {
      "value": "silver",
      "type": "string"
    }
  },
  "resources": [
    {
      "mode": "managed",
      "type": "google_bigquery_dataset",
      "name": "f1_dataset",
      "provider": "provider[\"registry.terraform.io/hashicorp/google\"]",
      "instances": [
        {
          "index_key": "presentation",
          "schema_version": 0,
          "attributes": {
            "access": [
              {
                "dataset": [],
                "domain": "",
                "group_by_email": "",
                "iam_member": "",
                "role": "OWNER",
                "routine": [],
                "special_group": "projectOwners",
                "user_by_email": "",
                "view": []
              },
              {
                "dataset": [],
                "domain": "",
                "group_by_email": "",
                "iam_member": "",
                "role": "READER",
                "routine": [],
                "special_group": "projectReaders",
                "user_by_email": "",
                "view": []
              },
              {
                "dataset": [],
                "domain": "",
                "group_by_email": "",
                "iam_member": "",
                "role": "WRITER",
                "routine": [],
                "special_group": "projectWriters",
                "user_by_email": "",
                "view": []
              }
            ],
            "creation_time": 1718185273351,
            "dataset_id": "lh_f1_gold",
            "default_collation": "",
            "default_encryption_configuration": [],
            "default_partition_expiration_ms": 0,
            "default_table_expiration_ms": 0,
            "delete_contents_on_destroy": false,
            "description": "lh formula1 training dataset",
            "effective_labels": {
              "application": "globalbi",
              "creator": "lee_hannah_at_monster_co_uk",
              "dtap": "sbx",
              "name": "lh_f1_gold",
              "opco": "mstr",
              "owner": "lee_hannah_at_monster_co_uk"
            },
            "etag": "79pQ0L9xG17wI4gN5pLDsQ==",
            "external_dataset_reference": [],
            "friendly_name": "",
            "id": "projects/mstr-globalbi-sbx-c730/datasets/lh_f1_gold",
            "is_case_insensitive": false,
            "labels": {},
            "last_modified_time": 1718185290413,
            "location": "US",
            "max_time_travel_hours": "",
            "project": "mstr-globalbi-sbx-c730",
            "self_link": "https://bigquery.googleapis.com/bigquery/v2/projects/mstr-globalbi-sbx-c730/datasets/lh_f1_gold",
            "storage_billing_model": "",
            "terraform_labels": {},
            "timeouts": null
          },
          "sensitive_attributes": [],
          "private": "eyJlMmJmYjczMC1lY2FhLTExZTYtOGY4OC0zNDM2M2JjN2M0YzAiOnsiY3JlYXRlIjoxMjAwMDAwMDAwMDAwLCJkZWxldGUiOjEyMDAwMDAwMDAwMDAsInVwZGF0ZSI6MTIwMDAwMDAwMDAwMH19"
        },
        {
          "index_key": "processed",
          "schema_version": 0,
          "attributes": {
            "access": [
              {
                "dataset": [],
                "domain": "",
                "group_by_email": "",
                "iam_member": "",
                "role": "OWNER",
                "routine": [],
                "special_group": "projectOwners",
                "user_by_email": "",
                "view": []
              },
              {
                "dataset": [],
                "domain": "",
                "group_by_email": "",
                "iam_member": "",
                "role": "READER",
                "routine": [],
                "special_group": "projectReaders",
                "user_by_email": "",
                "view": []
              },
              {
                "dataset": [],
                "domain": "",
                "group_by_email": "",
                "iam_member": "",
                "role": "WRITER",
                "routine": [],
                "special_group": "projectWriters",
                "user_by_email": "",
                "view": []
              }
            ],
            "creation_time": 1718185273355,
            "dataset_id": "lh_f1_silver",
            "default_collation": "",
            "default_encryption_configuration": [],
            "default_partition_expiration_ms": 0,
            "default_table_expiration_ms": 0,
            "delete_contents_on_destroy": false,
            "description": "lh formula1 training dataset",
            "effective_labels": {
              "application": "globalbi",
              "creator": "lee_hannah_at_monster_co_uk",
              "dtap": "sbx",
              "name": "lh_f1_silver",
              "opco": "mstr",
              "owner": "lee_hannah_at_monster_co_uk"
            },
            "etag": "pkJnIs9Ha8sMgEPoA4DvuQ==",
            "external_dataset_reference": [],
            "friendly_name": "",
            "id": "projects/mstr-globalbi-sbx-c730/datasets/lh_f1_silver",
            "is_case_insensitive": false,
            "labels": {},
            "last_modified_time": 1718185287709,
            "location": "US",
            "max_time_travel_hours": "",
            "project": "mstr-globalbi-sbx-c730",
            "self_link": "https://bigquery.googleapis.com/bigquery/v2/projects/mstr-globalbi-sbx-c730/datasets/lh_f1_silver",
            "storage_billing_model": "",
            "terraform_labels": {},
            "timeouts": null
          },
          "sensitive_attributes": [],
          "private": "eyJlMmJmYjczMC1lY2FhLTExZTYtOGY4OC0zNDM2M2JjN2M0YzAiOnsiY3JlYXRlIjoxMjAwMDAwMDAwMDAwLCJkZWxldGUiOjEyMDAwMDAwMDAwMDAsInVwZGF0ZSI6MTIwMDAwMDAwMDAwMH19"
        },
        {
          "index_key": "raw",
          "schema_version": 0,
          "attributes": {
            "access": [
              {
                "dataset": [],
                "domain": "",
                "group_by_email": "",
                "iam_member": "",
                "role": "OWNER",
                "routine": [],
                "special_group": "projectOwners",
                "user_by_email": "",
                "view": []
              },
              {
                "dataset": [],
                "domain": "",
                "group_by_email": "",
                "iam_member": "",
                "role": "READER",
                "routine": [],
                "special_group": "projectReaders",
                "user_by_email": "",
                "view": []
              },
              {
                "dataset": [],
                "domain": "",
                "group_by_email": "",
                "iam_member": "",
                "role": "WRITER",
                "routine": [],
                "special_group": "projectWriters",
                "user_by_email": "",
                "view": []
              }
            ],
            "creation_time": 1718185273344,
            "dataset_id": "lh_f1_bronze",
            "default_collation": "",
            "default_encryption_configuration": [],
            "default_partition_expiration_ms": 0,
            "default_table_expiration_ms": 0,
            "delete_contents_on_destroy": false,
            "description": "lh formula1 training dataset",
            "effective_labels": {
              "application": "globalbi",
              "creator": "lee_hannah_at_monster_co_uk",
              "dtap": "sbx",
              "name": "lh_f1_bronze",
              "opco": "mstr",
              "owner": "lee_hannah_at_monster_co_uk"
            },
            "etag": "y3JMJqR8cEES7TZIo/IJMQ==",
            "external_dataset_reference": [],
            "friendly_name": "",
            "id": "projects/mstr-globalbi-sbx-c730/datasets/lh_f1_bronze",
            "is_case_insensitive": false,
            "labels": {},
            "last_modified_time": 1718185288510,
            "location": "US",
            "max_time_travel_hours": "",
            "project": "mstr-globalbi-sbx-c730",
            "self_link": "https://bigquery.googleapis.com/bigquery/v2/projects/mstr-globalbi-sbx-c730/datasets/lh_f1_bronze",
            "storage_billing_model": "",
            "terraform_labels": {},
            "timeouts": null
          },
          "sensitive_attributes": [],
          "private": "eyJlMmJmYjczMC1lY2FhLTExZTYtOGY4OC0zNDM2M2JjN2M0YzAiOnsiY3JlYXRlIjoxMjAwMDAwMDAwMDAwLCJkZWxldGUiOjEyMDAwMDAwMDAwMDAsInVwZGF0ZSI6MTIwMDAwMDAwMDAwMH19"
        }
      ]
    },
    {
      "mode": "managed",
      "type": "google_bigquery_table",
      "name": "f1_gold_tables",
      "provider": "provider[\"registry.terraform.io/hashicorp/google\"]",
      "instances": [
        {
          "index_key": 0,
          "schema_version": 0,
          "attributes": {
            "clustering": null,
            "creation_time": 1718189493416,
            "dataset_id": "lh_f1_gold",
            "deletion_protection": false,
            "description": "",
            "effective_labels": {},
            "encryption_configuration": [],
            "etag": "muHpFCUL2PmiKJtrP41LAA==",
            "expiration_time": 0,
            "external_data_configuration": [],
            "friendly_name": "",
            "id": "projects/mstr-globalbi-sbx-c730/datasets/lh_f1_gold/tables/constructor_standings",
            "labels": {},
            "last_modified_time": 1718191388201,
            "location": "US",
            "materialized_view": [],
            "max_staleness": "",
            "num_bytes": 39500,
            "num_long_term_bytes": 0,
            "num_rows": 1111,
            "project": "mstr-globalbi-sbx-c730",
            "range_partitioning": [],
            "require_partition_filter": false,
            "schema": "[{\"mode\":\"NULLABLE\",\"name\":\"race_year\",\"type\":\"INTEGER\"},{\"mode\":\"NULLABLE\",\"name\":\"team\",\"type\":\"STRING\"},{\"mode\":\"NULLABLE\",\"name\":\"points\",\"type\":\"FLOAT\"},{\"mode\":\"NULLABLE\",\"name\":\"wins\",\"type\":\"FLOAT\"},{\"mode\":\"NULLABLE\",\"name\":\"rank\",\"type\":\"FLOAT\"}]",
            "self_link": "https://bigquery.googleapis.com/bigquery/v2/projects/mstr-globalbi-sbx-c730/datasets/lh_f1_gold/tables/constructor_standings",
            "table_constraints": [],
            "table_id": "constructor_standings",
            "table_replication_info": [],
            "terraform_labels": {},
            "time_partitioning": [],
            "type": "TABLE",
            "view": []
          },
          "sensitive_attributes": [],
          "private": "bnVsbA==",
          "dependencies": [
            "google_bigquery_dataset.f1_dataset"
          ]
        },
        {
          "index_key": 1,
          "schema_version": 0,
          "attributes": {
            "clustering": null,
            "creation_time": 1718189493391,
            "dataset_id": "lh_f1_gold",
            "deletion_protection": false,
            "description": "",
            "effective_labels": {},
            "encryption_configuration": [],
            "etag": "1279TwWCfZKoegGq9C3mtA==",
            "expiration_time": 0,
            "external_data_configuration": [],
            "friendly_name": "",
            "id": "projects/mstr-globalbi-sbx-c730/datasets/lh_f1_gold/tables/driver_standings",
            "labels": {},
            "last_modified_time": 1718191394314,
            "location": "US",
            "materialized_view": [],
            "max_staleness": "",
            "num_bytes": 209269,
            "num_long_term_bytes": 0,
            "num_rows": 3549,
            "project": "mstr-globalbi-sbx-c730",
            "range_partitioning": [],
            "require_partition_filter": false,
            "schema": "[{\"mode\":\"NULLABLE\",\"name\":\"race_year\",\"type\":\"INTEGER\"},{\"mode\":\"NULLABLE\",\"name\":\"driver_name\",\"type\":\"STRING\"},{\"mode\":\"NULLABLE\",\"name\":\"driver_nationality\",\"type\":\"STRING\"},{\"mode\":\"NULLABLE\",\"name\":\"team\",\"type\":\"STRING\"},{\"mode\":\"NULLABLE\",\"name\":\"points\",\"type\":\"FLOAT\"},{\"mode\":\"NULLABLE\",\"name\":\"wins\",\"type\":\"FLOAT\"},{\"mode\":\"NULLABLE\",\"name\":\"rank\",\"type\":\"FLOAT\"}]",
            "self_link": "https://bigquery.googleapis.com/bigquery/v2/projects/mstr-globalbi-sbx-c730/datasets/lh_f1_gold/tables/driver_standings",
            "table_constraints": [],
            "table_id": "driver_standings",
            "table_replication_info": [],
            "terraform_labels": {},
            "time_partitioning": [],
            "type": "TABLE",
            "view": []
          },
          "sensitive_attributes": [],
          "private": "bnVsbA==",
          "dependencies": [
            "google_bigquery_dataset.f1_dataset"
          ]
        },
        {
          "index_key": 2,
          "schema_version": 0,
          "attributes": {
            "clustering": null,
            "creation_time": 1718195714880,
            "dataset_id": "lh_f1_gold",
            "deletion_protection": false,
            "description": "",
            "effective_labels": {},
            "encryption_configuration": [],
            "etag": "TyFbY+vXLf5Cdb7DJwuwmA==",
            "expiration_time": 0,
            "external_data_configuration": [],
            "friendly_name": "",
            "id": "projects/mstr-globalbi-sbx-c730/datasets/lh_f1_gold/tables/race_results",
            "labels": null,
            "last_modified_time": 1718195714982,
            "location": "US",
            "materialized_view": [],
            "max_staleness": "",
            "num_bytes": 0,
            "num_long_term_bytes": 0,
            "num_rows": 0,
            "project": "mstr-globalbi-sbx-c730",
            "range_partitioning": [],
            "require_partition_filter": false,
            "schema": "[{\"mode\":\"NULLABLE\",\"name\":\"grid\",\"type\":\"INTEGER\"},{\"mode\":\"NULLABLE\",\"name\":\"position\",\"type\":\"STRING\"},{\"mode\":\"NULLABLE\",\"name\":\"points\",\"type\":\"FLOAT\"},{\"mode\":\"NULLABLE\",\"name\":\"race_name\",\"type\":\"STRING\"},{\"mode\":\"NULLABLE\",\"name\":\"race_date\",\"type\":\"STRING\"},{\"mode\":\"NULLABLE\",\"name\":\"race_year\",\"type\":\"INTEGER\"},{\"mode\":\"NULLABLE\",\"name\":\"circuit_name\",\"type\":\"STRING\"},{\"mode\":\"NULLABLE\",\"name\":\"circuit_location\",\"type\":\"STRING\"},{\"mode\":\"NULLABLE\",\"name\":\"driver_number\",\"type\":\"STRING\"},{\"mode\":\"NULLABLE\",\"name\":\"driver_name\",\"type\":\"STRING\"},{\"mode\":\"NULLABLE\",\"name\":\"driver_nationality\",\"type\":\"STRING\"},{\"mode\":\"NULLABLE\",\"name\":\"team\",\"type\":\"STRING\"},{\"mode\":\"NULLABLE\",\"name\":\"constructor_nationality\",\"type\":\"STRING\"},{\"mode\":\"NULLABLE\",\"name\":\"created_date\",\"type\":\"DATE\"}]",
            "self_link": "https://bigquery.googleapis.com/bigquery/v2/projects/mstr-globalbi-sbx-c730/datasets/lh_f1_gold/tables/race_results",
            "table_constraints": [],
            "table_id": "race_results",
            "table_replication_info": [],
            "terraform_labels": {},
            "time_partitioning": [],
            "type": "TABLE",
            "view": []
          },
          "sensitive_attributes": [],
          "private": "bnVsbA==",
          "dependencies": [
            "google_bigquery_dataset.f1_dataset"
          ]
        }
      ]
    },
    {
      "mode": "managed",
      "type": "google_bigquery_table",
      "name": "f1_silver_tables",
      "provider": "provider[\"registry.terraform.io/hashicorp/google\"]",
      "instances": [
        {
          "index_key": 0,
          "schema_version": 0,
          "attributes": {
            "clustering": null,
            "creation_time": 1718189279144,
            "dataset_id": "lh_f1_silver",
            "deletion_protection": false,
            "description": "",
            "effective_labels": {},
            "encryption_configuration": [],
            "etag": "MugBZoKl5w42z64BVhABFg==",
            "expiration_time": 0,
            "external_data_configuration": [],
            "friendly_name": "",
            "id": "projects/mstr-globalbi-sbx-c730/datasets/lh_f1_silver/tables/circuits",
            "labels": {},
            "last_modified_time": 1718189279226,
            "location": "US",
            "materialized_view": [],
            "max_staleness": "",
            "num_bytes": 0,
            "num_long_term_bytes": 0,
            "num_rows": 0,
            "project": "mstr-globalbi-sbx-c730",
            "range_partitioning": [],
            "require_partition_filter": false,
            "schema": "[{\"mode\":\"REQUIRED\",\"name\":\"circuit_id\",\"type\":\"INTEGER\"},{\"mode\":\"NULLABLE\",\"name\":\"circuit_ref\",\"type\":\"STRING\"},{\"mode\":\"NULLABLE\",\"name\":\"circuit_name\",\"type\":\"STRING\"},{\"mode\":\"NULLABLE\",\"name\":\"location\",\"type\":\"STRING\"},{\"mode\":\"NULLABLE\",\"name\":\"country\",\"type\":\"STRING\"},{\"mode\":\"NULLABLE\",\"name\":\"latitude\",\"type\":\"FLOAT\"},{\"mode\":\"NULLABLE\",\"name\":\"longitude\",\"type\":\"FLOAT\"},{\"mode\":\"NULLABLE\",\"name\":\"altitude\",\"type\":\"STRING\"},{\"mode\":\"NULLABLE\",\"name\":\"data_source\",\"type\":\"STRING\"},{\"mode\":\"NULLABLE\",\"name\":\"ingestion_date\",\"type\":\"DATE\"}]",
            "self_link": "https://bigquery.googleapis.com/bigquery/v2/projects/mstr-globalbi-sbx-c730/datasets/lh_f1_silver/tables/circuits",
            "table_constraints": [],
            "table_id": "circuits",
            "table_replication_info": [],
            "terraform_labels": {},
            "time_partitioning": [
              {
                "expiration_ms": 0,
                "field": "ingestion_date",
                "require_partition_filter": false,
                "type": "DAY"
              }
            ],
            "type": "TABLE",
            "view": []
          },
          "sensitive_attributes": [],
          "private": "bnVsbA==",
          "dependencies": [
            "google_bigquery_dataset.f1_dataset"
          ]
        },
        {
          "index_key": 1,
          "schema_version": 0,
          "attributes": {
            "clustering": null,
            "creation_time": 1718189279156,
            "dataset_id": "lh_f1_silver",
            "deletion_protection": false,
            "description": "",
            "effective_labels": {},
            "encryption_configuration": [],
            "etag": "Z+qRP9v44Vb9Tnv9if39qQ==",
            "expiration_time": 0,
            "external_data_configuration": [],
            "friendly_name": "",
            "id": "projects/mstr-globalbi-sbx-c730/datasets/lh_f1_silver/tables/constructors",
            "labels": {},
            "last_modified_time": 1718189279256,
            "location": "US",
            "materialized_view": [],
            "max_staleness": "",
            "num_bytes": 0,
            "num_long_term_bytes": 0,
            "num_rows": 0,
            "project": "mstr-globalbi-sbx-c730",
            "range_partitioning": [],
            "require_partition_filter": false,
            "schema": "[{\"mode\":\"REQUIRED\",\"name\":\"constructor_id\",\"type\":\"INTEGER\"},{\"mode\":\"NULLABLE\",\"name\":\"constructor_ref\",\"type\":\"STRING\"},{\"mode\":\"NULLABLE\",\"name\":\"name\",\"type\":\"STRING\"},{\"mode\":\"NULLABLE\",\"name\":\"nationality\",\"type\":\"STRING\"},{\"mode\":\"NULLABLE\",\"name\":\"data_source\",\"type\":\"STRING\"},{\"mode\":\"NULLABLE\",\"name\":\"ingestion_date\",\"type\":\"DATE\"}]",
            "self_link": "https://bigquery.googleapis.com/bigquery/v2/projects/mstr-globalbi-sbx-c730/datasets/lh_f1_silver/tables/constructors",
            "table_constraints": [],
            "table_id": "constructors",
            "table_replication_info": [],
            "terraform_labels": {},
            "time_partitioning": [
              {
                "expiration_ms": 0,
                "field": "ingestion_date",
                "require_partition_filter": false,
                "type": "DAY"
              }
            ],
            "type": "TABLE",
            "view": []
          },
          "sensitive_attributes": [],
          "private": "bnVsbA==",
          "dependencies": [
            "google_bigquery_dataset.f1_dataset"
          ]
        },
        {
          "index_key": 2,
          "schema_version": 0,
          "attributes": {
            "clustering": null,
            "creation_time": 1718189279142,
            "dataset_id": "lh_f1_silver",
            "deletion_protection": false,
            "description": "",
            "effective_labels": {},
            "encryption_configuration": [],
            "etag": "H7vasRUTYGKa4JuxZ9NxTw==",
            "expiration_time": 0,
            "external_data_configuration": [],
            "friendly_name": "",
            "id": "projects/mstr-globalbi-sbx-c730/datasets/lh_f1_silver/tables/drivers",
            "labels": {},
            "last_modified_time": 1718189279214,
            "location": "US",
            "materialized_view": [],
            "max_staleness": "",
            "num_bytes": 0,
            "num_long_term_bytes": 0,
            "num_rows": 0,
            "project": "mstr-globalbi-sbx-c730",
            "range_partitioning": [],
            "require_partition_filter": false,
            "schema": "[{\"mode\":\"REQUIRED\",\"name\":\"driver_id\",\"type\":\"INTEGER\"},{\"mode\":\"NULLABLE\",\"name\":\"driver_ref\",\"type\":\"STRING\"},{\"mode\":\"NULLABLE\",\"name\":\"number\",\"type\":\"STRING\"},{\"mode\":\"NULLABLE\",\"name\":\"code\",\"type\":\"STRING\"},{\"mode\":\"NULLABLE\",\"name\":\"name\",\"type\":\"STRING\"},{\"mode\":\"NULLABLE\",\"name\":\"dob\",\"type\":\"DATE\"},{\"mode\":\"NULLABLE\",\"name\":\"nationality\",\"type\":\"STRING\"},{\"mode\":\"NULLABLE\",\"name\":\"data_source\",\"type\":\"STRING\"},{\"mode\":\"NULLABLE\",\"name\":\"ingestion_date\",\"type\":\"DATE\"}]",
            "self_link": "https://bigquery.googleapis.com/bigquery/v2/projects/mstr-globalbi-sbx-c730/datasets/lh_f1_silver/tables/drivers",
            "table_constraints": [],
            "table_id": "drivers",
            "table_replication_info": [],
            "terraform_labels": {},
            "time_partitioning": [
              {
                "expiration_ms": 0,
                "field": "ingestion_date",
                "require_partition_filter": false,
                "type": "DAY"
              }
            ],
            "type": "TABLE",
            "view": []
          },
          "sensitive_attributes": [],
          "private": "bnVsbA==",
          "dependencies": [
            "google_bigquery_dataset.f1_dataset"
          ]
        },
        {
          "index_key": 3,
          "schema_version": 0,
          "attributes": {
            "clustering": null,
            "creation_time": 1718189279136,
            "dataset_id": "lh_f1_silver",
            "deletion_protection": false,
            "description": "",
            "effective_labels": {},
            "encryption_configuration": [],
            "etag": "ix/m0A9hcOSbkwvRf1XVwQ==",
            "expiration_time": 0,
            "external_data_configuration": [],
            "friendly_name": "",
            "id": "projects/mstr-globalbi-sbx-c730/datasets/lh_f1_silver/tables/race_circuits",
            "labels": {},
            "last_modified_time": 1718189279204,
            "location": "US",
            "materialized_view": [],
            "max_staleness": "",
            "num_bytes": 0,
            "num_long_term_bytes": 0,
            "num_rows": 0,
            "project": "mstr-globalbi-sbx-c730",
            "range_partitioning": [],
            "require_partition_filter": false,
            "schema": "[{\"mode\":\"NULLABLE\",\"name\":\"race_id\",\"type\":\"INTEGER\"},{\"mode\":\"NULLABLE\",\"name\":\"race_id_join\",\"type\":\"STRING\"},{\"mode\":\"NULLABLE\",\"name\":\"race_round\",\"type\":\"INTEGER\"},{\"mode\":\"NULLABLE\",\"name\":\"race_year\",\"type\":\"INTEGER\"},{\"mode\":\"NULLABLE\",\"name\":\"race_name\",\"type\":\"STRING\"},{\"mode\":\"NULLABLE\",\"name\":\"race_date\",\"type\":\"TIMESTAMP\"},{\"mode\":\"NULLABLE\",\"name\":\"circuit_name\",\"type\":\"STRING\"},{\"mode\":\"NULLABLE\",\"name\":\"circuit_location\",\"type\":\"STRING\"},{\"mode\":\"NULLABLE\",\"name\":\"circuit_country\",\"type\":\"STRING\"},{\"mode\":\"NULLABLE\",\"name\":\"circuit_latitude\",\"type\":\"FLOAT\"},{\"mode\":\"NULLABLE\",\"name\":\"circuit_longitude\",\"type\":\"FLOAT\"},{\"mode\":\"NULLABLE\",\"name\":\"data_source\",\"type\":\"STRING\"},{\"mode\":\"NULLABLE\",\"name\":\"ingestion_date\",\"type\":\"DATE\"}]",
            "self_link": "https://bigquery.googleapis.com/bigquery/v2/projects/mstr-globalbi-sbx-c730/datasets/lh_f1_silver/tables/race_circuits",
            "table_constraints": [],
            "table_id": "race_circuits",
            "table_replication_info": [],
            "terraform_labels": {},
            "time_partitioning": [
              {
                "expiration_ms": 0,
                "field": "ingestion_date",
                "require_partition_filter": false,
                "type": "DAY"
              }
            ],
            "type": "TABLE",
            "view": []
          },
          "sensitive_attributes": [],
          "private": "bnVsbA==",
          "dependencies": [
            "google_bigquery_dataset.f1_dataset"
          ]
        },
        {
          "index_key": 4,
          "schema_version": 0,
          "attributes": {
            "clustering": null,
            "creation_time": 1718189279103,
            "dataset_id": "lh_f1_silver",
            "deletion_protection": false,
            "description": "",
            "effective_labels": {},
            "encryption_configuration": [],
            "etag": "dsJ7foDwRosULujjevPumA==",
            "expiration_time": 0,
            "external_data_configuration": [],
            "friendly_name": "",
            "id": "projects/mstr-globalbi-sbx-c730/datasets/lh_f1_silver/tables/races",
            "labels": {},
            "last_modified_time": 1718189279169,
            "location": "US",
            "materialized_view": [],
            "max_staleness": "",
            "num_bytes": 0,
            "num_long_term_bytes": 0,
            "num_rows": 0,
            "project": "mstr-globalbi-sbx-c730",
            "range_partitioning": [],
            "require_partition_filter": false,
            "schema": "[{\"mode\":\"REQUIRED\",\"name\":\"race_id\",\"type\":\"INTEGER\"},{\"mode\":\"NULLABLE\",\"name\":\"year\",\"type\":\"INTEGER\"},{\"mode\":\"NULLABLE\",\"name\":\"round\",\"type\":\"INTEGER\"},{\"mode\":\"REQUIRED\",\"name\":\"circuit_id\",\"type\":\"STRING\"},{\"mode\":\"NULLABLE\",\"name\":\"race_name\",\"type\":\"STRING\"},{\"mode\":\"NULLABLE\",\"name\":\"date\",\"type\":\"DATE\"},{\"mode\":\"NULLABLE\",\"name\":\"time\",\"type\":\"STRING\"},{\"mode\":\"NULLABLE\",\"name\":\"race_id_join\",\"type\":\"STRING\"},{\"mode\":\"NULLABLE\",\"name\":\"race_timestamp\",\"type\":\"STRING\"},{\"mode\":\"NULLABLE\",\"name\":\"data_source\",\"type\":\"STRING\"},{\"mode\":\"NULLABLE\",\"name\":\"ingestion_date\",\"type\":\"DATE\"}]",
            "self_link": "https://bigquery.googleapis.com/bigquery/v2/projects/mstr-globalbi-sbx-c730/datasets/lh_f1_silver/tables/races",
            "table_constraints": [],
            "table_id": "races",
            "table_replication_info": [],
            "terraform_labels": {},
            "time_partitioning": [
              {
                "expiration_ms": 0,
                "field": "ingestion_date",
                "require_partition_filter": false,
                "type": "DAY"
              }
            ],
            "type": "TABLE",
            "view": []
          },
          "sensitive_attributes": [],
          "private": "bnVsbA==",
          "dependencies": [
            "google_bigquery_dataset.f1_dataset"
          ]
        },
        {
          "index_key": 5,
          "schema_version": 0,
          "attributes": {
            "clustering": null,
            "creation_time": 1718189095915,
            "dataset_id": "lh_f1_silver",
            "deletion_protection": false,
            "description": "",
            "effective_labels": {},
            "encryption_configuration": [],
            "etag": "VfpB0ncpxjyWhJtXVvfwfA==",
            "expiration_time": 0,
            "external_data_configuration": [],
            "friendly_name": "",
            "id": "projects/mstr-globalbi-sbx-c730/datasets/lh_f1_silver/tables/results",
            "labels": {},
            "last_modified_time": 1718189095980,
            "location": "US",
            "materialized_view": [],
            "max_staleness": "",
            "num_bytes": 0,
            "num_long_term_bytes": 0,
            "num_rows": 0,
            "project": "mstr-globalbi-sbx-c730",
            "range_partitioning": [],
            "require_partition_filter": false,
            "schema": "[{\"mode\":\"REQUIRED\",\"name\":\"result_id\",\"type\":\"INTEGER\"},{\"mode\":\"REQUIRED\",\"name\":\"race_id\",\"type\":\"INTEGER\"},{\"mode\":\"REQUIRED\",\"name\":\"driver_id\",\"type\":\"INTEGER\"},{\"mode\":\"REQUIRED\",\"name\":\"constructor_id\",\"type\":\"INTEGER\"},{\"mode\":\"NULLABLE\",\"name\":\"number\",\"type\":\"INTEGER\"},{\"mode\":\"NULLABLE\",\"name\":\"grid\",\"type\":\"INTEGER\"},{\"mode\":\"NULLABLE\",\"name\":\"position\",\"type\":\"INTEGER\"},{\"mode\":\"NULLABLE\",\"name\":\"position_text\",\"type\":\"STRING\"},{\"mode\":\"NULLABLE\",\"name\":\"position_order\",\"type\":\"STRING\"},{\"mode\":\"NULLABLE\",\"name\":\"points\",\"type\":\"FLOAT\"},{\"mode\":\"NULLABLE\",\"name\":\"laps\",\"type\":\"INTEGER\"},{\"mode\":\"NULLABLE\",\"name\":\"status\",\"type\":\"STRING\"},{\"mode\":\"NULLABLE\",\"name\":\"data_source\",\"type\":\"STRING\"},{\"mode\":\"NULLABLE\",\"name\":\"ingestion_date\",\"type\":\"DATE\"}]",
            "self_link": "https://bigquery.googleapis.com/bigquery/v2/projects/mstr-globalbi-sbx-c730/datasets/lh_f1_silver/tables/results",
            "table_constraints": [],
            "table_id": "results",
            "table_replication_info": [],
            "terraform_labels": {},
            "time_partitioning": [
              {
                "expiration_ms": 0,
                "field": "ingestion_date",
                "require_partition_filter": false,
                "type": "DAY"
              }
            ],
            "type": "TABLE",
            "view": []
          },
          "sensitive_attributes": [],
          "private": "bnVsbA==",
          "dependencies": [
            "google_bigquery_dataset.f1_dataset"
          ]
        }
      ]
    }
  ],
  "check_results": null
}
